
Microsoft Visual Studio Solution File, Format Version 12.00
# Visual Studio Version 17
VisualStudioVersion = 17.2.32526.322
MinimumVisualStudioVersion = 10.0.40219.1
Project("{FAE04EC0-301F-11D3-BF4B-00C04F79EFBC}") = "NLogSample", "NLogSample\NLogSample.csproj", "{94632275-164F-427B-8ECD-33FA062212A3}"
EndProject
Global
	GlobalSection(SolutionConfigurationPlatforms) = preSolution
		Debug|Any CPU = Debug|Any CPU
		Release|Any CPU = Release|Any CPU
	EndGlobalSection
	GlobalSection(ProjectConfigurationPlatforms) = postSolution
		{94632275-164F-427B-8ECD-33FA062212A3}.Debug|Any CPU.ActiveCfg = Debug|Any CPU
		{94632275-164F-427B-8ECD-33FA062212A3}.Debug|Any CPU.Build.0 = Debug|Any CPU
		{94632275-164F-427B-8ECD-33FA062212A3}.Release|Any CPU.ActiveCfg = Release|Any CPU
		{94632275-164F-427B-8ECD-33FA062212A3}.Release|Any CPU.Build.0 = Release|Any CPU
	EndGlobalSection
	GlobalSection(SolutionProperties) = preSolution
		HideSolutionNode = FALSE
	EndGlobalSection
	GlobalSection(ExtensibilityGlobals) = postSolution
		SolutionGuid = {C540DA52-2BD9-4586-8456-919CF9C4AE0E}
	EndGlobalSection
EndGlobal
