
Microsoft Visual Studio Solution File, Format Version 12.00
# Visual Studio Version 17
VisualStudioVersion = 17.4.33122.133
MinimumVisualStudioVersion = 10.0.40219.1
Project("{FAE04EC0-301F-11D3-BF4B-00C04F79EFBC}") = "EfCodeFirstSample", "EfCodeFirstSample\EfCodeFirstSample.csproj", "{39151961-98CC-458D-B396-933B3D0786E8}"
EndProject
Global
	GlobalSection(SolutionConfigurationPlatforms) = preSolution
		Debug|Any CPU = Debug|Any CPU
		Release|Any CPU = Release|Any CPU
	EndGlobalSection
	GlobalSection(ProjectConfigurationPlatforms) = postSolution
		{39151961-98CC-458D-B396-933B3D0786E8}.Debug|Any CPU.ActiveCfg = Debug|Any CPU
		{39151961-98CC-458D-B396-933B3D0786E8}.Debug|Any CPU.Build.0 = Debug|Any CPU
		{39151961-98CC-458D-B396-933B3D0786E8}.Release|Any CPU.ActiveCfg = Release|Any CPU
		{39151961-98CC-458D-B396-933B3D0786E8}.Release|Any CPU.Build.0 = Release|Any CPU
	EndGlobalSection
	GlobalSection(SolutionProperties) = preSolution
		HideSolutionNode = FALSE
	EndGlobalSection
	GlobalSection(ExtensibilityGlobals) = postSolution
		SolutionGuid = {C588EA27-E086-4619-AF35-BCB4AD4695F5}
	EndGlobalSection
EndGlobal
