
Microsoft Visual Studio Solution File, Format Version 12.00
# Visual Studio Version 17
VisualStudioVersion = 17.5.33530.505
MinimumVisualStudioVersion = 10.0.40219.1
Project("{FAE04EC0-301F-11D3-BF4B-00C04F79EFBC}") = "TestContainersSampleTest", "TestContainersSampleTest\TestContainersSampleTest.csproj", "{01C19209-5CB7-44B3-82FE-8791970C02CE}"
EndProject
Global
	GlobalSection(SolutionConfigurationPlatforms) = preSolution
		Debug|Any CPU = Debug|Any CPU
		Release|Any CPU = Release|Any CPU
	EndGlobalSection
	GlobalSection(ProjectConfigurationPlatforms) = postSolution
		{01C19209-5CB7-44B3-82FE-8791970C02CE}.Debug|Any CPU.ActiveCfg = Debug|Any CPU
		{01C19209-5CB7-44B3-82FE-8791970C02CE}.Debug|Any CPU.Build.0 = Debug|Any CPU
		{01C19209-5CB7-44B3-82FE-8791970C02CE}.Release|Any CPU.ActiveCfg = Release|Any CPU
		{01C19209-5CB7-44B3-82FE-8791970C02CE}.Release|Any CPU.Build.0 = Release|Any CPU
	EndGlobalSection
	GlobalSection(SolutionProperties) = preSolution
		HideSolutionNode = FALSE
	EndGlobalSection
	GlobalSection(ExtensibilityGlobals) = postSolution
		SolutionGuid = {E085FB53-5621-4501-98ED-8911931BDE94}
	EndGlobalSection
EndGlobal
