
Microsoft Visual Studio Solution File, Format Version 12.00
# Visual Studio Version 17
VisualStudioVersion = 17.11.35312.102
MinimumVisualStudioVersion = 10.0.40219.1
Project("{9A19103F-16F7-4668-BE54-9A1E7A4F7556}") = "Send", "Send.csproj", "{2C1331B7-06F3-44D5-93F9-040D9C10234B}"
EndProject
Global
	GlobalSection(SolutionConfigurationPlatforms) = preSolution
		Debug|Any CPU = Debug|Any CPU
		Release|Any CPU = Release|Any CPU
	EndGlobalSection
	GlobalSection(ProjectConfigurationPlatforms) = postSolution
		{2C1331B7-06F3-44D5-93F9-040D9C10234B}.Debug|Any CPU.ActiveCfg = Debug|Any CPU
		{2C1331B7-06F3-44D5-93F9-040D9C10234B}.Debug|Any CPU.Build.0 = Debug|Any CPU
		{2C1331B7-06F3-44D5-93F9-040D9C10234B}.Release|Any CPU.ActiveCfg = Release|Any CPU
		{2C1331B7-06F3-44D5-93F9-040D9C10234B}.Release|Any CPU.Build.0 = Release|Any CPU
	EndGlobalSection
	GlobalSection(SolutionProperties) = preSolution
		HideSolutionNode = FALSE
	EndGlobalSection
	GlobalSection(ExtensibilityGlobals) = postSolution
		SolutionGuid = {670ECE25-7413-4817-A6B7-365CC2D56CBF}
	EndGlobalSection
EndGlobal
