
Microsoft Visual Studio Solution File, Format Version 12.00
# Visual Studio Version 17
VisualStudioVersion = 17.4.33122.133
MinimumVisualStudioVersion = 10.0.40219.1
Project("{FAE04EC0-301F-11D3-BF4B-00C04F79EFBC}") = "AdventureWorksEf", "AdventureWorksEf\AdventureWorksEf.csproj", "{648AFF89-D7E6-49B5-878D-D11B539FA299}"
EndProject
Global
	GlobalSection(SolutionConfigurationPlatforms) = preSolution
		Debug|Any CPU = Debug|Any CPU
		Release|Any CPU = Release|Any CPU
	EndGlobalSection
	GlobalSection(ProjectConfigurationPlatforms) = postSolution
		{648AFF89-D7E6-49B5-878D-D11B539FA299}.Debug|Any CPU.ActiveCfg = Debug|Any CPU
		{648AFF89-D7E6-49B5-878D-D11B539FA299}.Debug|Any CPU.Build.0 = Debug|Any CPU
		{648AFF89-D7E6-49B5-878D-D11B539FA299}.Release|Any CPU.ActiveCfg = Release|Any CPU
		{648AFF89-D7E6-49B5-878D-D11B539FA299}.Release|Any CPU.Build.0 = Release|Any CPU
	EndGlobalSection
	GlobalSection(SolutionProperties) = preSolution
		HideSolutionNode = FALSE
	EndGlobalSection
	GlobalSection(ExtensibilityGlobals) = postSolution
		SolutionGuid = {578CB1A9-D164-4CE1-8956-71378BC320E3}
	EndGlobalSection
EndGlobal
