<Solution>
  <Configurations>
    <Platform Name="Any CPU" />
    <Platform Name="x64" />
    <Platform Name="x86" />
  </Configurations>
  <Project Path="RabbitPublisher.Api/RabbitPublisher.Api.csproj" />
  <Project Path="Receive/Receive.csproj" />
  <Project Path="Send/Send.csproj" />
</Solution>
