
Microsoft Visual Studio Solution File, Format Version 12.00
# Visual Studio Version 17
VisualStudioVersion = 17.8.34330.188
MinimumVisualStudioVersion = 10.0.40219.1
Project("{9A19103F-16F7-4668-BE54-9A1E7A4F7556}") = "benchmark-dotnet-sample", "benchmark-dotnet-sample.csproj", "{F9B85645-DA03-473A-BDDE-756C4A8675F1}"
EndProject
Global
	GlobalSection(SolutionConfigurationPlatforms) = preSolution
		Debug|Any CPU = Debug|Any CPU
		Release|Any CPU = Release|Any CPU
	EndGlobalSection
	GlobalSection(ProjectConfigurationPlatforms) = postSolution
		{F9B85645-DA03-473A-BDDE-756C4A8675F1}.Debug|Any CPU.ActiveCfg = Debug|Any CPU
		{F9B85645-DA03-473A-BDDE-756C4A8675F1}.Debug|Any CPU.Build.0 = Debug|Any CPU
		{F9B85645-DA03-473A-BDDE-756C4A8675F1}.Release|Any CPU.ActiveCfg = Release|Any CPU
		{F9B85645-DA03-473A-BDDE-756C4A8675F1}.Release|Any CPU.Build.0 = Release|Any CPU
	EndGlobalSection
	GlobalSection(SolutionProperties) = preSolution
		HideSolutionNode = FALSE
	EndGlobalSection
	GlobalSection(ExtensibilityGlobals) = postSolution
		SolutionGuid = {DC49573B-AE38-47CF-9F00-0BCE9EF5B03B}
	EndGlobalSection
EndGlobal
