
Microsoft Visual Studio Solution File, Format Version 12.00
# Visual Studio Version 17
VisualStudioVersion = 17.12.35527.113 d17.12
MinimumVisualStudioVersion = 10.0.40219.1
Project("{FAE04EC0-301F-11D3-BF4B-00C04F79EFBC}") = "WorkerServiceSample", "WorkerServiceSample\WorkerServiceSample.csproj", "{05460697-FF7C-41F6-9D30-B391B8D0AB61}"
EndProject
Global
	GlobalSection(SolutionConfigurationPlatforms) = preSolution
		Debug|Any CPU = Debug|Any CPU
		Release|Any CPU = Release|Any CPU
	EndGlobalSection
	GlobalSection(ProjectConfigurationPlatforms) = postSolution
		{05460697-FF7C-41F6-9D30-B391B8D0AB61}.Debug|Any CPU.ActiveCfg = Debug|Any CPU
		{05460697-FF7C-41F6-9D30-B391B8D0AB61}.Debug|Any CPU.Build.0 = Debug|Any CPU
		{05460697-FF7C-41F6-9D30-B391B8D0AB61}.Release|Any CPU.ActiveCfg = Release|Any CPU
		{05460697-FF7C-41F6-9D30-B391B8D0AB61}.Release|Any CPU.Build.0 = Release|Any CPU
	EndGlobalSection
	GlobalSection(SolutionProperties) = preSolution
		HideSolutionNode = FALSE
	EndGlobalSection
EndGlobal
